// !$*UTF8*$!
{
	archiveVersion = 1;
	classes = {
	};
	objectVersion = 50;
	objects = {

/* Begin PBXBuildFile section */
		947634B524C74D8500FB47F9 /* AppDelegate.swift in Sources */ = {isa = PBXBuildFile; fileRef = 947634B424C74D8500FB47F9 /* AppDelegate.swift */; };
		947634B724C74D8500FB47F9 /* SceneDelegate.swift in Sources */ = {isa = PBXBuildFile; fileRef = 947634B624C74D8500FB47F9 /* SceneDelegate.swift */; };
		947634B924C74D8500FB47F9 /* ViewController.swift in Sources */ = {isa = PBXBuildFile; fileRef = 947634B824C74D8500FB47F9 /* ViewController.swift */; };
		947634BC24C74D8500FB47F9 /* Main.storyboard in Resources */ = {isa = PBXBuildFile; fileRef = 947634BA24C74D8500FB47F9 /* Main.storyboard */; };
		947634BE24C74D8900FB47F9 /* Assets.xcassets in Resources */ = {isa = PBXBuildFile; fileRef = 947634BD24C74D8900FB47F9 /* Assets.xcassets */; };
		947634C124C74D8900FB47F9 /* LaunchScreen.storyboard in Resources */ = {isa = PBXBuildFile; fileRef = 947634BF24C74D8900FB47F9 /* LaunchScreen.storyboard */; };
/* End PBXBuildFile section */

/* Begin PBXFileReference section */
		947634B124C74D8500FB47F9 /* XYZ.app */ = {isa = PBXFileReference; explicitFileType = wrapper.application; includeInIndex = 0; path = XYZ.app; sourceTree = BUILT_PRODUCTS_DIR; };
		947634B424C74D8500FB47F9 /* AppDelegate.swift */ = {isa = PBXFileReference; lastKnownFileType = sourcecode.swift; path = AppDelegate.swift; sourceTree = "<group>"; };
		947634B624C74D8500FB47F9 /* SceneDelegate.swift */ = {isa = PBXFileReference; lastKnownFileType = sourcecode.swift; path = SceneDelegate.swift; sourceTree = "<group>"; };
		947634B824C74D8500FB47F9 /* ViewController.swift */ = {isa = PBXFileReference; lastKnownFileType = sourcecode.swift; path = ViewController.swift; sourceTree = "<group>"; };
		947634BB24C74D8500FB47F9 /* Base */ = {isa = PBXFileReference; lastKnownFileType = file.storyboard; name = Base; path = Base.lproj/Main.storyboard; sourceTree = "<group>"; };
		947634BD24C74D8900FB47F9 /* Assets.xcassets */ = {isa = PBXFileReference; lastKnownFileType = folder.assetcatalog; path = Assets.xcassets; sourceTree = "<group>"; };
		947634C024C74D8900FB47F9 /* Base */ = {isa = PBXFileReference; lastKnownFileType = file.storyboard; name = Base; path = Base.lproj/LaunchScreen.storyboard; sourceTree = "<group>"; };
		947634C224C74D8900FB47F9 /* Info.plist */ = {isa = PBXFileReference; lastKnownFileType = text.plist.xml; path = Info.plist; sourceTree = "<group>"; };
/* End PBXFileReference section */

/* Begin PBXFrameworksBuildPhase section */
		947634AE24C74D8500FB47F9 /* Frameworks */ = {
			isa = PBXFrameworksBuildPhase;
			buildActionMask = 2147483647;
			files = (
			);
			runOnlyForDeploymentPostprocessing = 0;
		};
/* End PBXFrameworksBuildPhase section */

/* Begin PBXGroup section */
		947634A824C74D8500FB47F9 = {
			isa = PBXGroup;
			children = (
				947634B324C74D8500FB47F9 /* XYZ */,
				947634B224C74D8500FB47F9 /* Products */,
			);
			sourceTree = "<group>";
		};
		947634B224C74D8500FB47F9 /* Products */ = {
			isa = PBXGroup;
			children = (
				947634B124C74D8500FB47F9 /* XYZ.app */,
			);
			name = Products;
			sourceTree = "<group>";
		};
		947634B324C74D8500FB47F9 /* XYZ */ = {
			isa = PBXGroup;
			children = (
				947634CA24C74F1800FB47F9 /* Model */,
				947634C924C74F1300FB47F9 /* View */,
				947634C824C74F0B00FB47F9 /* Controller */,
				947634B424C74D8500FB47F9 /* AppDelegate.swift */,
				947634B624C74D8500FB47F9 /* SceneDelegate.swift */,
				947634BA24C74D8500FB47F9 /* Main.storyboard */,
				947634BD24C74D8900FB47F9 /* Assets.xcassets */,
				947634BF24C74D8900FB47F9 /* LaunchScreen.storyboard */,
				947634C224C74D8900FB47F9 /* Info.plist */,
			);
			path = XYZ;
			sourceTree = "<group>";
		};
		947634C824C74F0B00FB47F9 /* Controller */ = {
			isa = PBXGroup;
			children = (
				947634B824C74D8500FB47F9 /* ViewController.swift */,
			);
			path = Controller;
			sourceTree = "<group>";
		};
		947634C924C74F1300FB47F9 /* View */ = {
			isa = PBXGroup;
			children = (
			);
			path = View;
			sourceTree = "<group>";
		};
		947634CA24C74F1800FB47F9 /* Model */ = {
			isa = PBXGroup;
			children = (
			);
			path = Model;
			sourceTree = "<group>";
		};
/* End PBXGroup section */

/* Begin PBXNativeTarget section */
		947634B024C74D8500FB47F9 /* XYZ */ = {
			isa = PBXNativeTarget;
			buildConfigurationList = 947634C524C74D8900FB47F9 /* Build configuration list for PBXNativeTarget "XYZ" */;
			buildPhases = (
				947634AD24C74D8500FB47F9 /* Sources */,
				947634AE24C74D8500FB47F9 /* Frameworks */,
				947634AF24C74D8500FB47F9 /* Resources */,
			);
			buildRules = (
			);
			dependencies = (
			);
			name = XYZ;
			productName = XYZ;
			productReference = 947634B124C74D8500FB47F9 /* XYZ.app */;
			productType = "com.apple.product-type.application";
		};
/* End PBXNativeTarget section */

/* Begin PBXProject section */
		947634A924C74D8500FB47F9 /* Project object */ = {
			isa = PBXProject;
			attributes = {
				LastSwiftUpdateCheck = 1160;
				LastUpgradeCheck = 1160;
				ORGANIZATIONNAME = "William Scott";
				TargetAttributes = {
					947634B024C74D8500FB47F9 = {
						CreatedOnToolsVersion = 11.6;
					};
				};
			};
			buildConfigurationList = 947634AC24C74D8500FB47F9 /* Build configuration list for PBXProject "XYZ" */;
			compatibilityVersion = "Xcode 9.3";
			developmentRegion = en;
			hasScannedForEncodings = 0;
			knownRegions = (
				en,
				Base,
			);
			mainGroup = 947634A824C74D8500FB47F9;
			productRefGroup = 947634B224C74D8500FB47F9 /* Products */;
			projectDirPath = "";
			projectRoot = "";
			targets = (
				947634B024C74D8500FB47F9 /* XYZ */,
			);
		};
/* End PBXProject section */

/* Begin PBXResourcesBuildPhase section */
		947634AF24C74D8500FB47F9 /* Resources */ = {
			isa = PBXResourcesBuildPhase;
			buildActionMask = 2147483647;
			files = (
				947634C124C74D8900FB47F9 /* LaunchScreen.storyboard in Resources */,
				947634BE24C74D8900FB47F9 /* Assets.xcassets in Resources */,
				947634BC24C74D8500FB47F9 /* Main.storyboard in Resources */,
			);
			runOnlyForDeploymentPostprocessing = 0;
		};
/* End PBXResourcesBuildPhase section */

/* Begin PBXSourcesBuildPhase section */
		947634AD24C74D8500FB47F9 /* Sources */ = {
			isa = PBXSourcesBuildPhase;
			buildActionMask = 2147483647;
			files = (
				947634B924C74D8500FB47F9 /* ViewController.swift in Sources */,
				947634B524C74D8500FB47F9 /* AppDelegate.swift in Sources */,
				947634B724C74D8500FB47F9 /* SceneDelegate.swift in Sources */,
			);
			runOnlyForDeploymentPostprocessing = 0;
		};
/* End PBXSourcesBuildPhase section */

/* Begin PBXVariantGroup section */
		947634BA24C74D8500FB47F9 /* Main.storyboard */ = {
			isa = PBXVariantGroup;
			children = (
				947634BB24C74D8500FB47F9 /* Base */,
			);
			name = Main.storyboard;
			sourceTree = "<group>";
		};
		947634BF24C74D8900FB47F9 /* LaunchScreen.storyboard */ = {
			isa = PBXVariantGroup;
			children = (
				947634C024C74D8900FB47F9 /* Base */,
			);
			name = LaunchScreen.storyboard;
			sourceTree = "<group>";
		};
/* End PBXVariantGroup section */

/* Begin XCBuildConfiguration section */
		947634C324C74D8900FB47F9 /* Debug */ = {
			isa = XCBuildConfiguration;
			buildSettings = {
				ALWAYS_SEARCH_USER_PATHS = NO;
				CLANG_ANALYZER_NONNULL = YES;
				CLANG_ANALYZER_NUMBER_OBJECT_CONVERSION = YES_AGGRESSIVE;
				CLANG_CXX_LANGUAGE_STANDARD = "gnu++14";
				CLANG_CXX_LIBRARY = "libc++";
				CLANG_ENABLE_MODULES = YES;
				CLANG_ENABLE_OBJC_ARC = YES;
				CLANG_ENABLE_OBJC_WEAK = YES;
				CLANG_WARN_BLOCK_CAPTURE_AUTORELEASING = YES;
				CLANG_WARN_BOOL_CONVERSION = YES;
				CLANG_WARN_COMMA = YES;
				CLANG_WARN_CONSTANT_CONVERSION = YES;
				CLANG_WARN_DEPRECATED_OBJC_IMPLEMENTATIONS = YES;
				CLANG_WARN_DIRECT_OBJC_ISA_USAGE = YES_ERROR;
				CLANG_WARN_DOCUMENTATION_COMMENTS = YES;
				CLANG_WARN_EMPTY_BODY = YES;
				CLANG_WARN_ENUM_CONVERSION = YES;
				CLANG_WARN_INFINITE_RECURSION = YES;
				CLANG_WARN_INT_CONVERSION = YES;
				CLANG_WARN_NON_LITERAL_NULL_CONVERSION = YES;
				CLANG_WARN_OBJC_IMPLICIT_RETAIN_SELF = YES;
				CLANG_WARN_OBJC_LITERAL_CONVERSION = YES;
				CLANG_WARN_OBJC_ROOT_CLASS = YES_ERROR;
				CLANG_WARN_RANGE_LOOP_ANALYSIS = YES;
				CLANG_WARN_STRICT_PROTOTYPES = YES;
				CLANG_WARN_SUSPICIOUS_MOVE = YES;
				CLANG_WARN_UNGUARDED_AVAILABILITY = YES_AGGRESSIVE;
				CLANG_WARN_UNREACHABLE_CODE = YES;
				CLANG_WARN__DUPLICATE_METHOD_MATCH = YES;
				COPY_PHASE_STRIP = NO;
				DEBUG_INFORMATION_FORMAT = dwarf;
				ENABLE_STRICT_OBJC_MSGSEND = YES;
				ENABLE_TESTABILITY = YES;
				GCC_C_LANGUAGE_STANDARD = gnu11;
				GCC_DYNAMIC_NO_PIC = NO;
				GCC_NO_COMMON_BLOCKS = YES;
				GCC_OPTIMIZATION_LEVEL = 0;
				GCC_PREPROCESSOR_DEFINITIONS = (
					"DEBUG=1",
					"$(inherited)",
				);
				GCC_WARN_64_TO_32_BIT_CONVERSION = YES;
				GCC_WARN_ABOUT_RETURN_TYPE = YES_ERROR;
				GCC_WARN_UNDECLARED_SELECTOR = YES;
				GCC_WARN_UNINITIALIZED_AUTOS = YES_AGGRESSIVE;
				GCC_WARN_UNUSED_FUNCTION = YES;
				GCC_WARN_UNUSED_VARIABLE = YES;
				IPHONEOS_DEPLOYMENT_TARGET = 13.6;
				MTL_ENABLE_DEBUG_INFO = INCLUDE_SOURCE;
				MTL_FAST_MATH = YES;
				ONLY_ACTIVE_ARCH = YES;
				SDKROOT = iphoneos;
				SWIFT_ACTIVE_COMPILATION_CONDITIONS = DEBUG;
				SWIFT_OPTIMIZATION_LEVEL = "-Onone";
			};
			name = Debug;
		};
		947634C424C74D8900FB47F9 /* Release */ = {
			isa = XCBuildConfiguration;
			buildSettings = {
				ALWAYS_SEARCH_USER_PATHS = NO;
				CLANG_ANALYZER_NONNULL = YES;
				CLANG_ANALYZER_NUMBER_OBJECT_CONVERSION = YES_AGGRESSIVE;
				CLANG_CXX_LANGUAGE_STANDARD = "gnu++14";
				CLANG_CXX_LIBRARY = "libc++";
				CLANG_ENABLE_MODULES = YES;
				CLANG_ENABLE_OBJC_ARC = YES;
				CLANG_ENABLE_OBJC_WEAK = YES;
				CLANG_WARN_BLOCK_CAPTURE_AUTORELEASING = YES;
				CLANG_WARN_BOOL_CONVERSION = YES;
				CLANG_WARN_COMMA = YES;
				CLANG_WARN_CONSTANT_CONVERSION = YES;
				CLANG_WARN_DEPRECATED_OBJC_IMPLEMENTATIONS = YES;
				CLANG_WARN_DIRECT_OBJC_ISA_USAGE = YES_ERROR;
				CLANG_WARN_DOCUMENTATION_COMMENTS = YES;
				CLANG_WARN_EMPTY_BODY = YES;
				CLANG_WARN_ENUM_CONVERSION = YES;
				CLANG_WARN_INFINITE_RECURSION = YES;
				CLANG_WARN_INT_CONVERSION = YES;
				CLANG_WARN_NON_LITERAL_NULL_CONVERSION = YES;
				CLANG_WARN_OBJC_IMPLICIT_RETAIN_SELF = YES;
				CLANG_WARN_OBJC_LITERAL_CONVERSION = YES;
				CLANG_WARN_OBJC_ROOT_CLASS = YES_ERROR;
				CLANG_WARN_RANGE_LOOP_ANALYSIS = YES;
				CLANG_WARN_STRICT_PROTOTYPES = YES;
				CLANG_WARN_SUSPICIOUS_MOVE = YES;
				CLANG_WARN_UNGUARDED_AVAILABILITY = YES_AGGRESSIVE;
				CLANG_WARN_UNREACHABLE_CODE = YES;
				CLANG_WARN__DUPLICATE_METHOD_MATCH = YES;
				COPY_PHASE_STRIP = NO;
				DEBUG_INFORMATION_FORMAT = "dwarf-with-dsym";
				ENABLE_NS_ASSERTIONS = NO;
				ENABLE_STRICT_OBJC_MSGSEND = YES;
				GCC_C_LANGUAGE_STANDARD = gnu11;
				GCC_NO_COMMON_BLOCKS = YES;
				GCC_WARN_64_TO_32_BIT_CONVERSION = YES;
				GCC_WARN_ABOUT_RETURN_TYPE = YES_ERROR;
				GCC_WARN_UNDECLARED_SELECTOR = YES;
				GCC_WARN_UNINITIALIZED_AUTOS = YES_AGGRESSIVE;
				GCC_WARN_UNUSED_FUNCTION = YES;
				GCC_WARN_UNUSED_VARIABLE = YES;
				IPHONEOS_DEPLOYMENT_TARGET = 13.6;
				MTL_ENABLE_DEBUG_INFO = NO;
				MTL_FAST_MATH = YES;
				SDKROOT = iphoneos;
				SWIFT_COMPILATION_MODE = wholemodule;
				SWIFT_OPTIMIZATION_LEVEL = "-O";
				VALIDATE_PRODUCT = YES;
			};
			name = Release;
		};
		947634C624C74D8900FB47F9 /* Debug */ = {
			isa = XCBuildConfiguration;
			buildSettings = {
				ASSETCATALOG_COMPILER_APPICON_NAME = AppIcon;
				CODE_SIGN_STYLE = Automatic;
				DEVELOPMENT_TEAM = 78977XTL46;
				INFOPLIST_FILE = XYZ/Info.plist;
				LD_RUNPATH_SEARCH_PATHS = (
					"$(inherited)",
					"@executable_path/Frameworks",
				);
				PRODUCT_BUNDLE_IDENTIFIER = com.williamRyanScott.XYZ;
				PRODUCT_NAME = "$(TARGET_NAME)";
				SWIFT_VERSION = 5.0;
				TARGETED_DEVICE_FAMILY = "1,2";
			};
			name = Debug;
		};
		947634C724C74D8900FB47F9 /* Release */ = {
			isa = XCBuildConfiguration;
			buildSettings = {
				ASSETCATALOG_COMPILER_APPICON_NAME = AppIcon;
				CODE_SIGN_STYLE = Automatic;
				DEVELOPMENT_TEAM = 78977XTL46;
				INFOPLIST_FILE = XYZ/Info.plist;
				LD_RUNPATH_SEARCH_PATHS = (
					"$(inherited)",
					"@executable_path/Frameworks",
				);
				PRODUCT_BUNDLE_IDENTIFIER = com.williamRyanScott.XYZ;
				PRODUCT_NAME = "$(TARGET_NAME)";
				SWIFT_VERSION = 5.0;
				TARGETED_DEVICE_FAMILY = "1,2";
			};
			name = Release;
		};
/* End XCBuildConfiguration section */

/* Begin XCConfigurationList section */
		947634AC24C74D8500FB47F9 /* Build configuration list for PBXProject "XYZ" */ = {
			isa = XCConfigurationList;
			buildConfigurations = (
				947634C324C74D8900FB47F9 /* Debug */,
				947634C424C74D8900FB47F9 /* Release */,
			);
			defaultConfigurationIsVisible = 0;
			defaultConfigurationName = Release;
		};
		947634C524C74D8900FB47F9 /* Build configuration list for PBXNativeTarget "XYZ" */ = {
			isa = XCConfigurationList;
			buildConfigurations = (
				947634C624C74D8900FB47F9 /* Debug */,
				947634C724C74D8900FB47F9 /* Release */,
			);
			defaultConfigurationIsVisible = 0;
			defaultConfigurationName = Release;
		};
/* End XCConfigurationList section */
	};
	rootObject = 947634A924C74D8500FB47F9 /* Project object */;
}
